Microsoft Visual Studio Solution File, Format Version 11.00
# Visual Studio 2008

Project("{A1351529-1FF7-54C4-BE0E-922A73B63F34}") = "AI_Tutorial4", "Assembly-CSharp-firstpass.csproj", "{C645A793-898C-43CC-36FA-98F2B155977F}"
EndProject
Project("{A1351529-1FF7-54C4-BE0E-922A73B63F34}") = "AI_Tutorial4", "Assembly-CSharp.csproj", "{D05E645D-4C41-BA4F-06A1-0032DD0B5984}"
EndProject
Project("{A1351529-1FF7-54C4-BE0E-922A73B63F34}") = "AI_Tutorial4", "Assembly-CSharp-Editor-firstpass.csproj", "{3774FA01-5FEA-332A-5A43-14DDFE16A231}"
EndProject
Project("{A1351529-1FF7-54C4-BE0E-922A73B63F34}") = "AI_Tutorial4", "Assembly-UnityScript.unityproj", "{BD5F4FD9-6E1D-FBC2-9522-12C1FDC6D7F3}"
EndProject
Global
	GlobalSection(SolutionConfigurationPlatforms) = preSolution
		Debug|Any CPU = Debug|Any CPU
		Release|Any CPU = Release|Any CPU
	EndGlobalSection
	GlobalSection(ProjectConfigurationPlatforms) = postSolution
		{C645A793-898C-43CC-36FA-98F2B155977F}.Debug|Any CPU.ActiveCfg = Debug|Any CPU
		{C645A793-898C-43CC-36FA-98F2B155977F}.Debug|Any CPU.Build.0 = Debug|Any CPU
		{C645A793-898C-43CC-36FA-98F2B155977F}.Release|Any CPU.ActiveCfg = Release|Any CPU
		{C645A793-898C-43CC-36FA-98F2B155977F}.Release|Any CPU.Build.0 = Release|Any CPU
		{D05E645D-4C41-BA4F-06A1-0032DD0B5984}.Debug|Any CPU.ActiveCfg = Debug|Any CPU
		{D05E645D-4C41-BA4F-06A1-0032DD0B5984}.Debug|Any CPU.Build.0 = Debug|Any CPU
		{D05E645D-4C41-BA4F-06A1-0032DD0B5984}.Release|Any CPU.ActiveCfg = Release|Any CPU
		{D05E645D-4C41-BA4F-06A1-0032DD0B5984}.Release|Any CPU.Build.0 = Release|Any CPU
		{3774FA01-5FEA-332A-5A43-14DDFE16A231}.Debug|Any CPU.ActiveCfg = Debug|Any CPU
		{3774FA01-5FEA-332A-5A43-14DDFE16A231}.Debug|Any CPU.Build.0 = Debug|Any CPU
		{3774FA01-5FEA-332A-5A43-14DDFE16A231}.Release|Any CPU.ActiveCfg = Release|Any CPU
		{3774FA01-5FEA-332A-5A43-14DDFE16A231}.Release|Any CPU.Build.0 = Release|Any CPU
		{BD5F4FD9-6E1D-FBC2-9522-12C1FDC6D7F3}.Debug|Any CPU.ActiveCfg = Debug|Any CPU
		{BD5F4FD9-6E1D-FBC2-9522-12C1FDC6D7F3}.Debug|Any CPU.Build.0 = Debug|Any CPU
		{BD5F4FD9-6E1D-FBC2-9522-12C1FDC6D7F3}.Release|Any CPU.ActiveCfg = Release|Any CPU
		{BD5F4FD9-6E1D-FBC2-9522-12C1FDC6D7F3}.Release|Any CPU.Build.0 = Release|Any CPU
	EndGlobalSection
	GlobalSection(SolutionProperties) = preSolution
		HideSolutionNode = FALSE
	EndGlobalSection
																										GlobalSection(MonoDevelopProperties) = preSolution
		StartupItem = Assembly-CSharp.csproj
		Policies = $0
		$0.TextStylePolicy = $1
		$1.inheritsSet = null
		$1.scope = text/x-csharp
		$0.CSharpFormattingPolicy = $2
		$2.inheritsSet = Mono
		$2.inheritsScope = text/x-csharp
		$2.scope = text/x-csharp
		$0.TextStylePolicy = $3
		$3.FileWidth = 120
		$3.TabWidth = 4
		$3.EolMarker = Unix
		$3.inheritsSet = Mono
		$3.inheritsScope = text/plain
		$3.scope = text/plain
	EndGlobalSection

EndGlobal
