Microsoft Visual Studio Solution File, Format Version 11.00
# Visual Studio 2008

Project("{55620D0E-566D-C2A0-3F87-2D67F20E176E}") = "behavior_test_car", "Assembly-CSharp-firstpass-vs.csproj", "{95287453-F008-6CEB-6F0F-B557EBDE85EF}"
EndProject
Project("{55620D0E-566D-C2A0-3F87-2D67F20E176E}") = "behavior_test_car", "Assembly-CSharp-Editor-firstpass-vs.csproj", "{F6ED6DC9-4B1F-9D78-0FEE-891B26426008}"
EndProject
Global
	GlobalSection(SolutionConfigurationPlatforms) = preSolution
		Debug|Any CPU = Debug|Any CPU
		Release|Any CPU = Release|Any CPU
	EndGlobalSection
	GlobalSection(ProjectConfigurationPlatforms) = postSolution
		{95287453-F008-6CEB-6F0F-B557EBDE85EF}.Debug|Any CPU.ActiveCfg = Debug|Any CPU
		{95287453-F008-6CEB-6F0F-B557EBDE85EF}.Debug|Any CPU.Build.0 = Debug|Any CPU
		{95287453-F008-6CEB-6F0F-B557EBDE85EF}.Release|Any CPU.ActiveCfg = Release|Any CPU
		{95287453-F008-6CEB-6F0F-B557EBDE85EF}.Release|Any CPU.Build.0 = Release|Any CPU
		{F6ED6DC9-4B1F-9D78-0FEE-891B26426008}.Debug|Any CPU.ActiveCfg = Debug|Any CPU
		{F6ED6DC9-4B1F-9D78-0FEE-891B26426008}.Debug|Any CPU.Build.0 = Debug|Any CPU
		{F6ED6DC9-4B1F-9D78-0FEE-891B26426008}.Release|Any CPU.ActiveCfg = Release|Any CPU
		{F6ED6DC9-4B1F-9D78-0FEE-891B26426008}.Release|Any CPU.Build.0 = Release|Any CPU
	EndGlobalSection
	GlobalSection(SolutionProperties) = preSolution
		HideSolutionNode = FALSE
	EndGlobalSection
																																																																																																																																																GlobalSection(MonoDevelopProperties) = preSolution
=======
																																																																																																														GlobalSection(MonoDevelopProperties) = preSolution
>>>>>>> origin/master
=======
																																																																																																																GlobalSection(MonoDevelopProperties) = preSolution
=======
<<<<<<< HEAD
																																																																																								GlobalSection(MonoDevelopProperties) = preSolution
>>>>>>> origin/master
=======
																																																																																			GlobalSection(MonoDevelopProperties) = preSolution
>>>>>>> origin/master
=======
																																																																																																GlobalSection(MonoDevelopProperties) = preSolution
>>>>>>> origin/master
>>>>>>> origin/master
=======
																																					GlobalSection(MonoDevelopProperties) = preSolution
>>>>>>> origin/master
=======
																																		GlobalSection(MonoDevelopProperties) = preSolution
>>>>>>> Stashed changes
=======
																																					GlobalSection(MonoDevelopProperties) = preSolution
>>>>>>> origin/master
		StartupItem = Assembly-CSharp.csproj
		Policies = $0
		$0.TextStylePolicy = $1
		$1.inheritsSet = null
		$1.scope = text/x-csharp
		$0.CSharpFormattingPolicy = $2
		$2.inheritsSet = Mono
		$2.inheritsScope = text/x-csharp
		$2.scope = text/x-csharp
		$0.TextStylePolicy = $3
		$3.FileWidth = 120
		$3.TabWidth = 4
		$3.EolMarker = Unix
		$3.inheritsSet = Mono
		$3.inheritsScope = text/plain
		$3.scope = text/plain
	EndGlobalSection

EndGlobal
